
Microsoft Visual Studio Solution File, Format Version 12.00
# Visual Studio Version 16
VisualStudioVersion = 16.0.30011.22
MinimumVisualStudioVersion = 10.0.40219.1
Project("{FAE04EC0-301F-11D3-BF4B-00C04F79EFBC}") = "tarea 1", "tarea 1.csproj", "{CE6FD623-D7EC-4493-A672-FD0DBF247EB9}"
EndProject
Global
	GlobalSection(SolutionConfigurationPlatforms) = preSolution
		Debug|Any CPU = Debug|Any CPU
		Release|Any CPU = Release|Any CPU
	EndGlobalSection
	GlobalSection(ProjectConfigurationPlatforms) = postSolution
		{CE6FD623-D7EC-4493-A672-FD0DBF247EB9}.Debug|Any CPU.ActiveCfg = Debug|Any CPU
		{CE6FD623-D7EC-4493-A672-FD0DBF247EB9}.Debug|Any CPU.Build.0 = Debug|Any CPU
		{CE6FD623-D7EC-4493-A672-FD0DBF247EB9}.Release|Any CPU.ActiveCfg = Release|Any CPU
		{CE6FD623-D7EC-4493-A672-FD0DBF247EB9}.Release|Any CPU.Build.0 = Release|Any CPU
	EndGlobalSection
	GlobalSection(SolutionProperties) = preSolution
		HideSolutionNode = FALSE
	EndGlobalSection
	GlobalSection(ExtensibilityGlobals) = postSolution
		SolutionGuid = {ACDE4E9E-25EC-4875-9C6E-E22D7A27E65D}
	EndGlobalSection
EndGlobal
